
Microsoft Visual Studio Solution File, Format Version 12.00
# Visual Studio 15
VisualStudioVersion = 15.0.27004.2009
MinimumVisualStudioVersion = 10.0.40219.1
Project("{FAE04EC0-301F-11D3-BF4B-00C04F79EFBC}") = "TP", "TP\TP.csproj", "{BE6B9073-F9D6-42C2-8FC3-5E0945BE12E6}"
EndProject
Project("{FAE04EC0-301F-11D3-BF4B-00C04F79EFBC}") = "TP.Tests", "TP.Tests\TP.Tests.csproj", "{F258BD2D-7DC2-416E-8FF1-1E2C46FAA93D}"
EndProject
Global
	GlobalSection(SolutionConfigurationPlatforms) = preSolution
		Debug|Any CPU = Debug|Any CPU
		Release|Any CPU = Release|Any CPU
	EndGlobalSection
	GlobalSection(ProjectConfigurationPlatforms) = postSolution
		{BE6B9073-F9D6-42C2-8FC3-5E0945BE12E6}.Debug|Any CPU.ActiveCfg = Debug|Any CPU
		{BE6B9073-F9D6-42C2-8FC3-5E0945BE12E6}.Debug|Any CPU.Build.0 = Debug|Any CPU
		{BE6B9073-F9D6-42C2-8FC3-5E0945BE12E6}.Release|Any CPU.ActiveCfg = Release|Any CPU
		{BE6B9073-F9D6-42C2-8FC3-5E0945BE12E6}.Release|Any CPU.Build.0 = Release|Any CPU
		{F258BD2D-7DC2-416E-8FF1-1E2C46FAA93D}.Debug|Any CPU.ActiveCfg = Debug|Any CPU
		{F258BD2D-7DC2-416E-8FF1-1E2C46FAA93D}.Debug|Any CPU.Build.0 = Debug|Any CPU
		{F258BD2D-7DC2-416E-8FF1-1E2C46FAA93D}.Release|Any CPU.ActiveCfg = Release|Any CPU
		{F258BD2D-7DC2-416E-8FF1-1E2C46FAA93D}.Release|Any CPU.Build.0 = Release|Any CPU
	EndGlobalSection
	GlobalSection(SolutionProperties) = preSolution
		HideSolutionNode = FALSE
	EndGlobalSection
	GlobalSection(ExtensibilityGlobals) = postSolution
		SolutionGuid = {D5963618-9F3A-402E-B447-C2BE3D1EA22D}
	EndGlobalSection
EndGlobal
